
Microsoft Visual Studio Solution File, Format Version 12.00
# Visual Studio Version 17
VisualStudioVersion = 17.0.31903.59
MinimumVisualStudioVersion = 10.0.40219.1
Project("{FAE04EC0-301F-11D3-BF4B-00C04F79EFBC}") = "Greetings", "Greetings\Greetings.csproj", "{BDAEEB3D-73C0-4177-9ACE-4FF18C1CE4A7}"
EndProject
Global
	GlobalSection(SolutionConfigurationPlatforms) = preSolution
		Debug|Any CPU = Debug|Any CPU
		Release|Any CPU = Release|Any CPU
	EndGlobalSection
	GlobalSection(SolutionProperties) = preSolution
		HideSolutionNode = FALSE
	EndGlobalSection
	GlobalSection(ProjectConfigurationPlatforms) = postSolution
		{BDAEEB3D-73C0-4177-9ACE-4FF18C1CE4A7}.Debug|Any CPU.ActiveCfg = Debug|Any CPU
		{BDAEEB3D-73C0-4177-9ACE-4FF18C1CE4A7}.Debug|Any CPU.Build.0 = Debug|Any CPU
		{BDAEEB3D-73C0-4177-9ACE-4FF18C1CE4A7}.Release|Any CPU.ActiveCfg = Release|Any CPU
		{BDAEEB3D-73C0-4177-9ACE-4FF18C1CE4A7}.Release|Any CPU.Build.0 = Release|Any CPU
	EndGlobalSection
EndGlobal
